# This file is automatically @generated by Cargo.
# It is not intended for manual editing.
version = 3

[[package]]
name = "velcro-core"
version = "0.1.1"

[[package]]
name = "velcro-dylib"
version = "0.1.1"
dependencies = [
 "velcro-impl",
]

[[package]]
name = "velcro-impl"
version = "0.1.1"
dependencies = [
 "velcro-core",
]

[[package]]
name = "velcro-open"
version = "0.1.1"
dependencies = [
 "velcro-dylib",
 "velcro-impl",
]
